// !$*UTF8*$!
{
	archiveVersion = 1;
	classes = {
	};
	objectVersion = 56;
	objects = {

/* Begin PBXBuildFile section */
		54B97BE62BA89D9900D4AB2E /* AppDelegate.swift in Sources */ = {isa = PBXBuildFile; fileRef = 54B97BE52BA89D9900D4AB2E /* AppDelegate.swift */; };
		54B97BEF2BA89D9A00D4AB2E /* Assets.xcassets in Resources */ = {isa = PBXBuildFile; fileRef = 54B97BEE2BA89D9A00D4AB2E /* Assets.xcassets */; };
		54B97BF22BA89D9A00D4AB2E /* LaunchScreen.storyboard in Resources */ = {isa = PBXBuildFile; fileRef = 54B97BF02BA89D9A00D4AB2E /* LaunchScreen.storyboard */; };
		54B97C002BA89F6400D4AB2E /* Roboto-Light.ttf in Resources */ = {isa = PBXBuildFile; fileRef = 54B97BFB2BA89F6400D4AB2E /* Roboto-Light.ttf */; };
		54B97C012BA89F6400D4AB2E /* Roboto-Regular.ttf in Resources */ = {isa = PBXBuildFile; fileRef = 54B97BFC2BA89F6400D4AB2E /* Roboto-Regular.ttf */; };
		54B97C022BA89F6400D4AB2E /* Roboto-Black.ttf in Resources */ = {isa = PBXBuildFile; fileRef = 54B97BFD2BA89F6400D4AB2E /* Roboto-Black.ttf */; };
		54B97C032BA89F6400D4AB2E /* Roboto-Bold.ttf in Resources */ = {isa = PBXBuildFile; fileRef = 54B97BFE2BA89F6400D4AB2E /* Roboto-Bold.ttf */; };
		54B97C042BA89F6400D4AB2E /* Roboto-Medium.ttf in Resources */ = {isa = PBXBuildFile; fileRef = 54B97BFF2BA89F6400D4AB2E /* Roboto-Medium.ttf */; };
		54B97C082BA8B68700D4AB2E /* HomeViewController.swift in Sources */ = {isa = PBXBuildFile; fileRef = 54B97C062BA8B68700D4AB2E /* HomeViewController.swift */; };
		54B97C092BA8B68700D4AB2E /* HomeViewController.xib in Resources */ = {isa = PBXBuildFile; fileRef = 54B97C072BA8B68700D4AB2E /* HomeViewController.xib */; };
		54B97C0C2BA8C34400D4AB2E /* LocationManager.swift in Sources */ = {isa = PBXBuildFile; fileRef = 54B97C0B2BA8C34400D4AB2E /* LocationManager.swift */; };
		54B97C0E2BA8CEE200D4AB2E /* NetworkManager.swift in Sources */ = {isa = PBXBuildFile; fileRef = 54B97C0D2BA8CEE200D4AB2E /* NetworkManager.swift */; };
		54B97C172BAA249C00D4AB2E /* Forecast.swift in Sources */ = {isa = PBXBuildFile; fileRef = 54B97C102BAA249C00D4AB2E /* Forecast.swift */; };
		54B97C202BAB482500D4AB2E /* CustomForecastViewController.swift in Sources */ = {isa = PBXBuildFile; fileRef = 54B97C1E2BAB482500D4AB2E /* CustomForecastViewController.swift */; };
		54B97C212BAB482500D4AB2E /* CustomForecastViewController.xib in Resources */ = {isa = PBXBuildFile; fileRef = 54B97C1F2BAB482500D4AB2E /* CustomForecastViewController.xib */; };
		54B97C232BAB4FD300D4AB2E /* viewExtensions.swift in Sources */ = {isa = PBXBuildFile; fileRef = 54B97C222BAB4FD300D4AB2E /* viewExtensions.swift */; };
/* End PBXBuildFile section */

/* Begin PBXFileReference section */
		54B97BE22BA89D9900D4AB2E /* Supertal Weather.app */ = {isa = PBXFileReference; explicitFileType = wrapper.application; includeInIndex = 0; path = "Supertal Weather.app"; sourceTree = BUILT_PRODUCTS_DIR; };
		54B97BE52BA89D9900D4AB2E /* AppDelegate.swift */ = {isa = PBXFileReference; lastKnownFileType = sourcecode.swift; path = AppDelegate.swift; sourceTree = "<group>"; };
		54B97BEE2BA89D9A00D4AB2E /* Assets.xcassets */ = {isa = PBXFileReference; lastKnownFileType = folder.assetcatalog; path = Assets.xcassets; sourceTree = "<group>"; };
		54B97BF12BA89D9A00D4AB2E /* Base */ = {isa = PBXFileReference; lastKnownFileType = file.storyboard; name = Base; path = Base.lproj/LaunchScreen.storyboard; sourceTree = "<group>"; };
		54B97BF32BA89D9A00D4AB2E /* Info.plist */ = {isa = PBXFileReference; lastKnownFileType = text.plist.xml; path = Info.plist; sourceTree = "<group>"; };
		54B97BFB2BA89F6400D4AB2E /* Roboto-Light.ttf */ = {isa = PBXFileReference; lastKnownFileType = file; path = "Roboto-Light.ttf"; sourceTree = "<group>"; };
		54B97BFC2BA89F6400D4AB2E /* Roboto-Regular.ttf */ = {isa = PBXFileReference; lastKnownFileType = file; path = "Roboto-Regular.ttf"; sourceTree = "<group>"; };
		54B97BFD2BA89F6400D4AB2E /* Roboto-Black.ttf */ = {isa = PBXFileReference; lastKnownFileType = file; path = "Roboto-Black.ttf"; sourceTree = "<group>"; };
		54B97BFE2BA89F6400D4AB2E /* Roboto-Bold.ttf */ = {isa = PBXFileReference; lastKnownFileType = file; path = "Roboto-Bold.ttf"; sourceTree = "<group>"; };
		54B97BFF2BA89F6400D4AB2E /* Roboto-Medium.ttf */ = {isa = PBXFileReference; lastKnownFileType = file; path = "Roboto-Medium.ttf"; sourceTree = "<group>"; };
		54B97C062BA8B68700D4AB2E /* HomeViewController.swift */ = {isa = PBXFileReference; lastKnownFileType = sourcecode.swift; path = HomeViewController.swift; sourceTree = "<group>"; };
		54B97C072BA8B68700D4AB2E /* HomeViewController.xib */ = {isa = PBXFileReference; lastKnownFileType = file.xib; path = HomeViewController.xib; sourceTree = "<group>"; };
		54B97C0B2BA8C34400D4AB2E /* LocationManager.swift */ = {isa = PBXFileReference; lastKnownFileType = sourcecode.swift; path = LocationManager.swift; sourceTree = "<group>"; };
		54B97C0D2BA8CEE200D4AB2E /* NetworkManager.swift */ = {isa = PBXFileReference; lastKnownFileType = sourcecode.swift; path = NetworkManager.swift; sourceTree = "<group>"; };
		54B97C102BAA249C00D4AB2E /* Forecast.swift */ = {isa = PBXFileReference; fileEncoding = 4; lastKnownFileType = sourcecode.swift; path = Forecast.swift; sourceTree = "<group>"; };
		54B97C1E2BAB482500D4AB2E /* CustomForecastViewController.swift */ = {isa = PBXFileReference; lastKnownFileType = sourcecode.swift; path = CustomForecastViewController.swift; sourceTree = "<group>"; };
		54B97C1F2BAB482500D4AB2E /* CustomForecastViewController.xib */ = {isa = PBXFileReference; lastKnownFileType = file.xib; path = CustomForecastViewController.xib; sourceTree = "<group>"; };
		54B97C222BAB4FD300D4AB2E /* viewExtensions.swift */ = {isa = PBXFileReference; lastKnownFileType = sourcecode.swift; path = viewExtensions.swift; sourceTree = "<group>"; };
/* End PBXFileReference section */

/* Begin PBXFrameworksBuildPhase section */
		54B97BDF2BA89D9900D4AB2E /* Frameworks */ = {
			isa = PBXFrameworksBuildPhase;
			buildActionMask = 2147483647;
			files = (
			);
			runOnlyForDeploymentPostprocessing = 0;
		};
/* End PBXFrameworksBuildPhase section */

/* Begin PBXGroup section */
		54B97BD92BA89D9900D4AB2E = {
			isa = PBXGroup;
			children = (
				54B97BE42BA89D9900D4AB2E /* Supertal Weather */,
				54B97BE32BA89D9900D4AB2E /* Products */,
			);
			sourceTree = "<group>";
		};
		54B97BE32BA89D9900D4AB2E /* Products */ = {
			isa = PBXGroup;
			children = (
				54B97BE22BA89D9900D4AB2E /* Supertal Weather.app */,
			);
			name = Products;
			sourceTree = "<group>";
		};
		54B97BE42BA89D9900D4AB2E /* Supertal Weather */ = {
			isa = PBXGroup;
			children = (
				54B97BF92BA89F3B00D4AB2E /* Resources */,
				54B97BE52BA89D9900D4AB2E /* AppDelegate.swift */,
				54B97BEE2BA89D9A00D4AB2E /* Assets.xcassets */,
				54B97BF02BA89D9A00D4AB2E /* LaunchScreen.storyboard */,
				54B97BF32BA89D9A00D4AB2E /* Info.plist */,
			);
			path = "Supertal Weather";
			sourceTree = "<group>";
		};
		54B97BF92BA89F3B00D4AB2E /* Resources */ = {
			isa = PBXGroup;
			children = (
				54B97C0F2BAA249200D4AB2E /* Models */,
				54B97C0A2BA8C33300D4AB2E /* Helpers */,
				54B97C052BA8B66B00D4AB2E /* Controllers */,
				54B97BFA2BA89F4400D4AB2E /* Fonts */,
			);
			path = Resources;
			sourceTree = "<group>";
		};
		54B97BFA2BA89F4400D4AB2E /* Fonts */ = {
			isa = PBXGroup;
			children = (
				54B97BFD2BA89F6400D4AB2E /* Roboto-Black.ttf */,
				54B97BFE2BA89F6400D4AB2E /* Roboto-Bold.ttf */,
				54B97BFB2BA89F6400D4AB2E /* Roboto-Light.ttf */,
				54B97BFF2BA89F6400D4AB2E /* Roboto-Medium.ttf */,
				54B97BFC2BA89F6400D4AB2E /* Roboto-Regular.ttf */,
			);
			path = Fonts;
			sourceTree = "<group>";
		};
		54B97C052BA8B66B00D4AB2E /* Controllers */ = {
			isa = PBXGroup;
			children = (
				54B97C062BA8B68700D4AB2E /* HomeViewController.swift */,
				54B97C072BA8B68700D4AB2E /* HomeViewController.xib */,
				54B97C1E2BAB482500D4AB2E /* CustomForecastViewController.swift */,
				54B97C1F2BAB482500D4AB2E /* CustomForecastViewController.xib */,
			);
			path = Controllers;
			sourceTree = "<group>";
		};
		54B97C0A2BA8C33300D4AB2E /* Helpers */ = {
			isa = PBXGroup;
			children = (
				54B97C0B2BA8C34400D4AB2E /* LocationManager.swift */,
				54B97C0D2BA8CEE200D4AB2E /* NetworkManager.swift */,
				54B97C222BAB4FD300D4AB2E /* viewExtensions.swift */,
			);
			path = Helpers;
			sourceTree = "<group>";
		};
		54B97C0F2BAA249200D4AB2E /* Models */ = {
			isa = PBXGroup;
			children = (
				54B97C102BAA249C00D4AB2E /* Forecast.swift */,
			);
			path = Models;
			sourceTree = "<group>";
		};
/* End PBXGroup section */

/* Begin PBXNativeTarget section */
		54B97BE12BA89D9900D4AB2E /* Supertal Weather */ = {
			isa = PBXNativeTarget;
			buildConfigurationList = 54B97BF62BA89D9A00D4AB2E /* Build configuration list for PBXNativeTarget "Supertal Weather" */;
			buildPhases = (
				54B97BDE2BA89D9900D4AB2E /* Sources */,
				54B97BDF2BA89D9900D4AB2E /* Frameworks */,
				54B97BE02BA89D9900D4AB2E /* Resources */,
			);
			buildRules = (
			);
			dependencies = (
			);
			name = "Supertal Weather";
			productName = "Supertal Weather";
			productReference = 54B97BE22BA89D9900D4AB2E /* Supertal Weather.app */;
			productType = "com.apple.product-type.application";
		};
/* End PBXNativeTarget section */

/* Begin PBXProject section */
		54B97BDA2BA89D9900D4AB2E /* Project object */ = {
			isa = PBXProject;
			attributes = {
				BuildIndependentTargetsInParallel = 1;
				LastSwiftUpdateCheck = 1500;
				LastUpgradeCheck = 1500;
				TargetAttributes = {
					54B97BE12BA89D9900D4AB2E = {
						CreatedOnToolsVersion = 15.0.1;
					};
				};
			};
			buildConfigurationList = 54B97BDD2BA89D9900D4AB2E /* Build configuration list for PBXProject "Supertal Weather" */;
			compatibilityVersion = "Xcode 14.0";
			developmentRegion = en;
			hasScannedForEncodings = 0;
			knownRegions = (
				en,
				Base,
			);
			mainGroup = 54B97BD92BA89D9900D4AB2E;
			productRefGroup = 54B97BE32BA89D9900D4AB2E /* Products */;
			projectDirPath = "";
			projectRoot = "";
			targets = (
				54B97BE12BA89D9900D4AB2E /* Supertal Weather */,
			);
		};
/* End PBXProject section */

/* Begin PBXResourcesBuildPhase section */
		54B97BE02BA89D9900D4AB2E /* Resources */ = {
			isa = PBXResourcesBuildPhase;
			buildActionMask = 2147483647;
			files = (
				54B97C042BA89F6400D4AB2E /* Roboto-Medium.ttf in Resources */,
				54B97C032BA89F6400D4AB2E /* Roboto-Bold.ttf in Resources */,
				54B97BF22BA89D9A00D4AB2E /* LaunchScreen.storyboard in Resources */,
				54B97BEF2BA89D9A00D4AB2E /* Assets.xcassets in Resources */,
				54B97C012BA89F6400D4AB2E /* Roboto-Regular.ttf in Resources */,
				54B97C002BA89F6400D4AB2E /* Roboto-Light.ttf in Resources */,
				54B97C022BA89F6400D4AB2E /* Roboto-Black.ttf in Resources */,
				54B97C212BAB482500D4AB2E /* CustomForecastViewController.xib in Resources */,
				54B97C092BA8B68700D4AB2E /* HomeViewController.xib in Resources */,
			);
			runOnlyForDeploymentPostprocessing = 0;
		};
/* End PBXResourcesBuildPhase section */

/* Begin PBXSourcesBuildPhase section */
		54B97BDE2BA89D9900D4AB2E /* Sources */ = {
			isa = PBXSourcesBuildPhase;
			buildActionMask = 2147483647;
			files = (
				54B97C0E2BA8CEE200D4AB2E /* NetworkManager.swift in Sources */,
				54B97BE62BA89D9900D4AB2E /* AppDelegate.swift in Sources */,
				54B97C202BAB482500D4AB2E /* CustomForecastViewController.swift in Sources */,
				54B97C082BA8B68700D4AB2E /* HomeViewController.swift in Sources */,
				54B97C232BAB4FD300D4AB2E /* viewExtensions.swift in Sources */,
				54B97C172BAA249C00D4AB2E /* Forecast.swift in Sources */,
				54B97C0C2BA8C34400D4AB2E /* LocationManager.swift in Sources */,
			);
			runOnlyForDeploymentPostprocessing = 0;
		};
/* End PBXSourcesBuildPhase section */

/* Begin PBXVariantGroup section */
		54B97BF02BA89D9A00D4AB2E /* LaunchScreen.storyboard */ = {
			isa = PBXVariantGroup;
			children = (
				54B97BF12BA89D9A00D4AB2E /* Base */,
			);
			name = LaunchScreen.storyboard;
			sourceTree = "<group>";
		};
/* End PBXVariantGroup section */

/* Begin XCBuildConfiguration section */
		54B97BF42BA89D9A00D4AB2E /* Debug */ = {
			isa = XCBuildConfiguration;
			buildSettings = {
				ALWAYS_SEARCH_USER_PATHS = NO;
				ASSETCATALOG_COMPILER_GENERATE_SWIFT_ASSET_SYMBOL_EXTENSIONS = YES;
				CLANG_ANALYZER_NONNULL = YES;
				CLANG_ANALYZER_NUMBER_OBJECT_CONVERSION = YES_AGGRESSIVE;
				CLANG_CXX_LANGUAGE_STANDARD = "gnu++20";
				CLANG_ENABLE_MODULES = YES;
				CLANG_ENABLE_OBJC_ARC = YES;
				CLANG_ENABLE_OBJC_WEAK = YES;
				CLANG_WARN_BLOCK_CAPTURE_AUTORELEASING = YES;
				CLANG_WARN_BOOL_CONVERSION = YES;
				CLANG_WARN_COMMA = YES;
				CLANG_WARN_CONSTANT_CONVERSION = YES;
				CLANG_WARN_DEPRECATED_OBJC_IMPLEMENTATIONS = YES;
				CLANG_WARN_DIRECT_OBJC_ISA_USAGE = YES_ERROR;
				CLANG_WARN_DOCUMENTATION_COMMENTS = YES;
				CLANG_WARN_EMPTY_BODY = YES;
				CLANG_WARN_ENUM_CONVERSION = YES;
				CLANG_WARN_INFINITE_RECURSION = YES;
				CLANG_WARN_INT_CONVERSION = YES;
				CLANG_WARN_NON_LITERAL_NULL_CONVERSION = YES;
				CLANG_WARN_OBJC_IMPLICIT_RETAIN_SELF = YES;
				CLANG_WARN_OBJC_LITERAL_CONVERSION = YES;
				CLANG_WARN_OBJC_ROOT_CLASS = YES_ERROR;
				CLANG_WARN_QUOTED_INCLUDE_IN_FRAMEWORK_HEADER = YES;
				CLANG_WARN_RANGE_LOOP_ANALYSIS = YES;
				CLANG_WARN_STRICT_PROTOTYPES = YES;
				CLANG_WARN_SUSPICIOUS_MOVE = YES;
				CLANG_WARN_UNGUARDED_AVAILABILITY = YES_AGGRESSIVE;
				CLANG_WARN_UNREACHABLE_CODE = YES;
				CLANG_WARN__DUPLICATE_METHOD_MATCH = YES;
				COPY_PHASE_STRIP = NO;
				DEBUG_INFORMATION_FORMAT = dwarf;
				ENABLE_STRICT_OBJC_MSGSEND = YES;
				ENABLE_TESTABILITY = YES;
				ENABLE_USER_SCRIPT_SANDBOXING = YES;
				GCC_C_LANGUAGE_STANDARD = gnu17;
				GCC_DYNAMIC_NO_PIC = NO;
				GCC_NO_COMMON_BLOCKS = YES;
				GCC_OPTIMIZATION_LEVEL = 0;
				GCC_PREPROCESSOR_DEFINITIONS = (
					"DEBUG=1",
					"$(inherited)",
				);
				GCC_WARN_64_TO_32_BIT_CONVERSION = YES;
				GCC_WARN_ABOUT_RETURN_TYPE = YES_ERROR;
				GCC_WARN_UNDECLARED_SELECTOR = YES;
				GCC_WARN_UNINITIALIZED_AUTOS = YES_AGGRESSIVE;
				GCC_WARN_UNUSED_FUNCTION = YES;
				GCC_WARN_UNUSED_VARIABLE = YES;
				IPHONEOS_DEPLOYMENT_TARGET = 17.0;
				LOCALIZATION_PREFERS_STRING_CATALOGS = YES;
				MTL_ENABLE_DEBUG_INFO = INCLUDE_SOURCE;
				MTL_FAST_MATH = YES;
				ONLY_ACTIVE_ARCH = YES;
				SDKROOT = iphoneos;
				SWIFT_ACTIVE_COMPILATION_CONDITIONS = "DEBUG $(inherited)";
				SWIFT_OPTIMIZATION_LEVEL = "-Onone";
			};
			name = Debug;
		};
		54B97BF52BA89D9A00D4AB2E /* Release */ = {
			isa = XCBuildConfiguration;
			buildSettings = {
				ALWAYS_SEARCH_USER_PATHS = NO;
				ASSETCATALOG_COMPILER_GENERATE_SWIFT_ASSET_SYMBOL_EXTENSIONS = YES;
				CLANG_ANALYZER_NONNULL = YES;
				CLANG_ANALYZER_NUMBER_OBJECT_CONVERSION = YES_AGGRESSIVE;
				CLANG_CXX_LANGUAGE_STANDARD = "gnu++20";
				CLANG_ENABLE_MODULES = YES;
				CLANG_ENABLE_OBJC_ARC = YES;
				CLANG_ENABLE_OBJC_WEAK = YES;
				CLANG_WARN_BLOCK_CAPTURE_AUTORELEASING = YES;
				CLANG_WARN_BOOL_CONVERSION = YES;
				CLANG_WARN_COMMA = YES;
				CLANG_WARN_CONSTANT_CONVERSION = YES;
				CLANG_WARN_DEPRECATED_OBJC_IMPLEMENTATIONS = YES;
				CLANG_WARN_DIRECT_OBJC_ISA_USAGE = YES_ERROR;
				CLANG_WARN_DOCUMENTATION_COMMENTS = YES;
				CLANG_WARN_EMPTY_BODY = YES;
				CLANG_WARN_ENUM_CONVERSION = YES;
				CLANG_WARN_INFINITE_RECURSION = YES;
				CLANG_WARN_INT_CONVERSION = YES;
				CLANG_WARN_NON_LITERAL_NULL_CONVERSION = YES;
				CLANG_WARN_OBJC_IMPLICIT_RETAIN_SELF = YES;
				CLANG_WARN_OBJC_LITERAL_CONVERSION = YES;
				CLANG_WARN_OBJC_ROOT_CLASS = YES_ERROR;
				CLANG_WARN_QUOTED_INCLUDE_IN_FRAMEWORK_HEADER = YES;
				CLANG_WARN_RANGE_LOOP_ANALYSIS = YES;
				CLANG_WARN_STRICT_PROTOTYPES = YES;
				CLANG_WARN_SUSPICIOUS_MOVE = YES;
				CLANG_WARN_UNGUARDED_AVAILABILITY = YES_AGGRESSIVE;
				CLANG_WARN_UNREACHABLE_CODE = YES;
				CLANG_WARN__DUPLICATE_METHOD_MATCH = YES;
				COPY_PHASE_STRIP = NO;
				DEBUG_INFORMATION_FORMAT = "dwarf-with-dsym";
				ENABLE_NS_ASSERTIONS = NO;
				ENABLE_STRICT_OBJC_MSGSEND = YES;
				ENABLE_USER_SCRIPT_SANDBOXING = YES;
				GCC_C_LANGUAGE_STANDARD = gnu17;
				GCC_NO_COMMON_BLOCKS = YES;
				GCC_WARN_64_TO_32_BIT_CONVERSION = YES;
				GCC_WARN_ABOUT_RETURN_TYPE = YES_ERROR;
				GCC_WARN_UNDECLARED_SELECTOR = YES;
				GCC_WARN_UNINITIALIZED_AUTOS = YES_AGGRESSIVE;
				GCC_WARN_UNUSED_FUNCTION = YES;
				GCC_WARN_UNUSED_VARIABLE = YES;
				IPHONEOS_DEPLOYMENT_TARGET = 17.0;
				LOCALIZATION_PREFERS_STRING_CATALOGS = YES;
				MTL_ENABLE_DEBUG_INFO = NO;
				MTL_FAST_MATH = YES;
				SDKROOT = iphoneos;
				SWIFT_COMPILATION_MODE = wholemodule;
				VALIDATE_PRODUCT = YES;
			};
			name = Release;
		};
		54B97BF72BA89D9A00D4AB2E /* Debug */ = {
			isa = XCBuildConfiguration;
			buildSettings = {
				ASSETCATALOG_COMPILER_APPICON_NAME = AppIcon;
				ASSETCATALOG_COMPILER_GLOBAL_ACCENT_COLOR_NAME = AccentColor;
				CODE_SIGN_STYLE = Automatic;
				CURRENT_PROJECT_VERSION = 1;
				GENERATE_INFOPLIST_FILE = YES;
				INFOPLIST_FILE = "Supertal Weather/Info.plist";
				INFOPLIST_KEY_CFBundleDisplayName = "Supertal Weather";
				INFOPLIST_KEY_LSApplicationCategoryType = "public.app-category.utilities";
				INFOPLIST_KEY_UIApplicationSupportsIndirectInputEvents = YES;
				INFOPLIST_KEY_UILaunchStoryboardName = LaunchScreen;
				INFOPLIST_KEY_UIMainStoryboardFile = "";
				INFOPLIST_KEY_UISupportedInterfaceOrientations_iPad = "UIInterfaceOrientationPortrait UIInterfaceOrientationPortraitUpsideDown UIInterfaceOrientationLandscapeLeft UIInterfaceOrientationLandscapeRight";
				INFOPLIST_KEY_UISupportedInterfaceOrientations_iPhone = "UIInterfaceOrientationPortrait UIInterfaceOrientationLandscapeLeft UIInterfaceOrientationLandscapeRight";
				IPHONEOS_DEPLOYMENT_TARGET = 14;
				LD_RUNPATH_SEARCH_PATHS = (
					"$(inherited)",
					"@executable_path/Frameworks",
				);
				MARKETING_VERSION = 1.0.0;
				PRODUCT_BUNDLE_IDENTIFIER = com.supertal.weather;
				PRODUCT_NAME = "$(TARGET_NAME)";
				SUPPORTED_PLATFORMS = "iphoneos iphonesimulator";
				SUPPORTS_MACCATALYST = NO;
				SUPPORTS_MAC_DESIGNED_FOR_IPHONE_IPAD = NO;
				SWIFT_EMIT_LOC_STRINGS = YES;
				SWIFT_VERSION = 5.0;
				TARGETED_DEVICE_FAMILY = 1;
			};
			name = Debug;
		};
		54B97BF82BA89D9A00D4AB2E /* Release */ = {
			isa = XCBuildConfiguration;
			buildSettings = {
				ASSETCATALOG_COMPILER_APPICON_NAME = AppIcon;
				ASSETCATALOG_COMPILER_GLOBAL_ACCENT_COLOR_NAME = AccentColor;
				CODE_SIGN_STYLE = Automatic;
				CURRENT_PROJECT_VERSION = 1;
				GENERATE_INFOPLIST_FILE = YES;
				INFOPLIST_FILE = "Supertal Weather/Info.plist";
				INFOPLIST_KEY_CFBundleDisplayName = "Supertal Weather";
				INFOPLIST_KEY_LSApplicationCategoryType = "public.app-category.utilities";
				INFOPLIST_KEY_UIApplicationSupportsIndirectInputEvents = YES;
				INFOPLIST_KEY_UILaunchStoryboardName = LaunchScreen;
				INFOPLIST_KEY_UIMainStoryboardFile = "";
				INFOPLIST_KEY_UISupportedInterfaceOrientations_iPad = "UIInterfaceOrientationPortrait UIInterfaceOrientationPortraitUpsideDown UIInterfaceOrientationLandscapeLeft UIInterfaceOrientationLandscapeRight";
				INFOPLIST_KEY_UISupportedInterfaceOrientations_iPhone = "UIInterfaceOrientationPortrait UIInterfaceOrientationLandscapeLeft UIInterfaceOrientationLandscapeRight";
				IPHONEOS_DEPLOYMENT_TARGET = 14;
				LD_RUNPATH_SEARCH_PATHS = (
					"$(inherited)",
					"@executable_path/Frameworks",
				);
				MARKETING_VERSION = 1.0.0;
				PRODUCT_BUNDLE_IDENTIFIER = com.supertal.weather;
				PRODUCT_NAME = "$(TARGET_NAME)";
				SUPPORTED_PLATFORMS = "iphoneos iphonesimulator";
				SUPPORTS_MACCATALYST = NO;
				SUPPORTS_MAC_DESIGNED_FOR_IPHONE_IPAD = NO;
				SWIFT_EMIT_LOC_STRINGS = YES;
				SWIFT_VERSION = 5.0;
				TARGETED_DEVICE_FAMILY = 1;
			};
			name = Release;
		};
/* End XCBuildConfiguration section */

/* Begin XCConfigurationList section */
		54B97BDD2BA89D9900D4AB2E /* Build configuration list for PBXProject "Supertal Weather" */ = {
			isa = XCConfigurationList;
			buildConfigurations = (
				54B97BF42BA89D9A00D4AB2E /* Debug */,
				54B97BF52BA89D9A00D4AB2E /* Release */,
			);
			defaultConfigurationIsVisible = 0;
			defaultConfigurationName = Release;
		};
		54B97BF62BA89D9A00D4AB2E /* Build configuration list for PBXNativeTarget "Supertal Weather" */ = {
			isa = XCConfigurationList;
			buildConfigurations = (
				54B97BF72BA89D9A00D4AB2E /* Debug */,
				54B97BF82BA89D9A00D4AB2E /* Release */,
			);
			defaultConfigurationIsVisible = 0;
			defaultConfigurationName = Release;
		};
/* End XCConfigurationList section */
	};
	rootObject = 54B97BDA2BA89D9900D4AB2E /* Project object */;
}
